
Microsoft Visual Studio Solution File, Format Version 12.00
# Visual Studio Version 16
VisualStudioVersion = 16.0.29806.167
MinimumVisualStudioVersion = 10.0.40219.1
Project("{9A19103F-16F7-4668-BE54-9A1E7A4F7556}") = "Likhachev.Pgas.Data", "Likhachev.Pgas.Data\Likhachev.Pgas.Data.csproj", "{72736EA7-2EDE-4323-8AA0-6EF8142420EC}"
EndProject
Project("{9A19103F-16F7-4668-BE54-9A1E7A4F7556}") = "Likhachev.Pgas.Core", "Likhachev.Pgas.Core\Likhachev.Pgas.Core.csproj", "{6F26F474-F2B7-413F-90DD-DF74817FF236}"
EndProject
Project("{FAE04EC0-301F-11D3-BF4B-00C04F79EFBC}") = "Likhachev.Pgas.Services", "Likhachev.Pgas.Services\Likhachev.Pgas.Services.csproj", "{F77307B6-75F7-49D1-B92C-C7484CABFA68}"
EndProject
Project("{FAE04EC0-301F-11D3-BF4B-00C04F79EFBC}") = "Likhachev.Pgas.Web", "Likhachev.Pgas.Web\Likhachev.Pgas.Web.csproj", "{66D79A14-E595-458D-B3A3-DE22504601A5}"
EndProject
Global
	GlobalSection(SolutionConfigurationPlatforms) = preSolution
		Debug|Any CPU = Debug|Any CPU
		Release|Any CPU = Release|Any CPU
	EndGlobalSection
	GlobalSection(ProjectConfigurationPlatforms) = postSolution
		{72736EA7-2EDE-4323-8AA0-6EF8142420EC}.Debug|Any CPU.ActiveCfg = Debug|Any CPU
		{72736EA7-2EDE-4323-8AA0-6EF8142420EC}.Debug|Any CPU.Build.0 = Debug|Any CPU
		{72736EA7-2EDE-4323-8AA0-6EF8142420EC}.Release|Any CPU.ActiveCfg = Release|Any CPU
		{72736EA7-2EDE-4323-8AA0-6EF8142420EC}.Release|Any CPU.Build.0 = Release|Any CPU
		{6F26F474-F2B7-413F-90DD-DF74817FF236}.Debug|Any CPU.ActiveCfg = Debug|Any CPU
		{6F26F474-F2B7-413F-90DD-DF74817FF236}.Debug|Any CPU.Build.0 = Debug|Any CPU
		{6F26F474-F2B7-413F-90DD-DF74817FF236}.Release|Any CPU.ActiveCfg = Release|Any CPU
		{6F26F474-F2B7-413F-90DD-DF74817FF236}.Release|Any CPU.Build.0 = Release|Any CPU
		{F77307B6-75F7-49D1-B92C-C7484CABFA68}.Debug|Any CPU.ActiveCfg = Debug|Any CPU
		{F77307B6-75F7-49D1-B92C-C7484CABFA68}.Debug|Any CPU.Build.0 = Debug|Any CPU
		{F77307B6-75F7-49D1-B92C-C7484CABFA68}.Release|Any CPU.ActiveCfg = Release|Any CPU
		{F77307B6-75F7-49D1-B92C-C7484CABFA68}.Release|Any CPU.Build.0 = Release|Any CPU
		{66D79A14-E595-458D-B3A3-DE22504601A5}.Debug|Any CPU.ActiveCfg = Debug|Any CPU
		{66D79A14-E595-458D-B3A3-DE22504601A5}.Debug|Any CPU.Build.0 = Debug|Any CPU
		{66D79A14-E595-458D-B3A3-DE22504601A5}.Release|Any CPU.ActiveCfg = Release|Any CPU
		{66D79A14-E595-458D-B3A3-DE22504601A5}.Release|Any CPU.Build.0 = Release|Any CPU
	EndGlobalSection
	GlobalSection(SolutionProperties) = preSolution
		HideSolutionNode = FALSE
	EndGlobalSection
	GlobalSection(ExtensibilityGlobals) = postSolution
		SolutionGuid = {CC1187FF-DDCF-4623-A5C3-7B27CDD9FB09}
	EndGlobalSection
EndGlobal
